// !$*UTF8*$!
{
	archiveVersion = 1;
	classes = {
	};
	objectVersion = 77;
	objects = {

/* Begin PBXBuildFile section */
		13EDBCA7EBD2A99FE721F9E9 /* CoreMedia.framework in Frameworks */ = {isa = PBXBuildFile; fileRef = ECAC54637623350F05C29456 /* CoreMedia.framework */; };
		28C2C736867CB404B4B4E64C /* CoreTelephony.framework in Frameworks */ = {isa = PBXBuildFile; fileRef = 9E9523619E4A0BF208F82F3E /* CoreTelephony.framework */; };
		4C61B9167A0412B5D37618F9 /* Accelerate.framework in Frameworks */ = {isa = PBXBuildFile; fileRef = 2FE6C17E768CEE05904EA501 /* Accelerate.framework */; };
		891118422F3C543600D99384 /* GRDB in Frameworks */ = {isa = PBXBuildFile; productRef = 89GRDB0012F3A000000000002 /* GRDB */; };
		897196B52F54925300159B76 /* appicon.icon in Resources */ = {isa = PBXBuildFile; fileRef = 897196B42F54925300159B76 /* appicon.icon */; };
		89AF00012F3D000000000002 /* Alamofire in Frameworks */ = {isa = PBXBuildFile; productRef = 89AF00012F3D000000000004 /* Alamofire */; };
		89ALIY0012F5E000000000002 /* AliyunpanSDK in Frameworks */ = {isa = PBXBuildFile; productRef = 89ALIY0012F5E000000000004 /* AliyunpanSDK */; };
		89AWS0012F3D000000000002 /* AWSS3 in Frameworks */ = {isa = PBXBuildFile; productRef = 89AWS0012F3D000000000004 /* AWSS3 */; };
		89AWSI012F3D000000000002 /* AWSSDKIdentity in Frameworks */ = {isa = PBXBuildFile; productRef = 89AWSI012F3D000000000004 /* AWSSDKIdentity */; };
		89GIFU0012F3D000000000002 /* Gifu in Frameworks */ = {isa = PBXBuildFile; productRef = 89GIFU0012F3D000000000004 /* Gifu */; };
		89HZCAL12F3D000000000002 /* HorizonCalendar in Frameworks */ = {isa = PBXBuildFile; productRef = 89HZCAL12F3D000000000004 /* HorizonCalendar */; };
		89JXPB0012F3D000000000002 /* JXPhotoBrowser in Frameworks */ = {isa = PBXBuildFile; productRef = 89JXPB0012F3D000000000004 /* JXPhotoBrowser */; };
		89NUKE0012F3D000000000002 /* Nuke in Frameworks */ = {isa = PBXBuildFile; productRef = 89NUKE0012F3D000000000004 /* Nuke */; };
		89NUKE0012F3D000000000003 /* NukeUI in Frameworks */ = {isa = PBXBuildFile; productRef = 89NUKE0012F3D000000000005 /* NukeUI */; };
		89SOUP0012F3D000000000002 /* SwiftSoup in Frameworks */ = {isa = PBXBuildFile; productRef = 89SOUP0012F3D000000000004 /* SwiftSoup */; };
		89ZIP0012F3D000000000002 /* ZIPFoundation in Frameworks */ = {isa = PBXBuildFile; productRef = 89ZIP0012F3D000000000004 /* ZIPFoundation */; };
		8ACCED43ABCD66D13B6BD021 /* libresolv.tbd in Frameworks */ = {isa = PBXBuildFile; fileRef = 19696D8CA8AA0D3676516DC3 /* libresolv.tbd */; };
		8F053895DF208544572BAAEE /* SystemConfiguration.framework in Frameworks */ = {isa = PBXBuildFile; fileRef = E3BFCA3A45C9EFF4B56C97C7 /* SystemConfiguration.framework */; };
		A1B7A856AE6656FD9BDC7995 /* libc++.tbd in Frameworks */ = {isa = PBXBuildFile; fileRef = A0D56AD63DA5E88B0A1E2AB4 /* libc++.tbd */; };
		CD05E992341473F154FD6BBC /* libz.tbd in Frameworks */ = {isa = PBXBuildFile; fileRef = BF3A7869DE2C456031F4060C /* libz.tbd */; };
		CD50D944953BA933E99C8134 /* WebKit.framework in Frameworks */ = {isa = PBXBuildFile; fileRef = 1B6C51CAFCFECD4301B5122C /* WebKit.framework */; };
/* End PBXBuildFile section */

/* Begin PBXContainerItemProxy section */
		891114AA2F39AC3200D99384 /* PBXContainerItemProxy */ = {
			isa = PBXContainerItemProxy;
			containerPortal = 891114942F39AC2F00D99384 /* Project object */;
			proxyType = 1;
			remoteGlobalIDString = 8911149B2F39AC2F00D99384;
			remoteInfo = xmnote;
		};
		891114B42F39AC3200D99384 /* PBXContainerItemProxy */ = {
			isa = PBXContainerItemProxy;
			containerPortal = 891114942F39AC2F00D99384 /* Project object */;
			proxyType = 1;
			remoteGlobalIDString = 8911149B2F39AC2F00D99384;
			remoteInfo = xmnote;
		};
/* End PBXContainerItemProxy section */

/* Begin PBXFileReference section */
		19696D8CA8AA0D3676516DC3 /* libresolv.tbd */ = {isa = PBXFileReference; includeInIndex = 1; lastKnownFileType = "sourcecode.text-based-dylib-definition"; name = libresolv.tbd; path = usr/lib/libresolv.tbd; sourceTree = SDKROOT; };
		1B6C51CAFCFECD4301B5122C /* WebKit.framework */ = {isa = PBXFileReference; lastKnownFileType = wrapper.framework; name = WebKit.framework; path = System/Library/Frameworks/WebKit.framework; sourceTree = SDKROOT; };
		2FE6C17E768CEE05904EA501 /* Accelerate.framework */ = {isa = PBXFileReference; lastKnownFileType = wrapper.framework; name = Accelerate.framework; path = System/Library/Frameworks/Accelerate.framework; sourceTree = SDKROOT; };
		8911149C2F39AC2F00D99384 /* xmnote.app */ = {isa = PBXFileReference; explicitFileType = wrapper.application; includeInIndex = 0; path = xmnote.app; sourceTree = BUILT_PRODUCTS_DIR; };
		891114A92F39AC3200D99384 /* xmnoteTests.xctest */ = {isa = PBXFileReference; explicitFileType = wrapper.cfbundle; includeInIndex = 0; path = xmnoteTests.xctest; sourceTree = BUILT_PRODUCTS_DIR; };
		891114B32F39AC3200D99384 /* xmnoteUITests.xctest */ = {isa = PBXFileReference; explicitFileType = wrapper.cfbundle; includeInIndex = 0; path = xmnoteUITests.xctest; sourceTree = BUILT_PRODUCTS_DIR; };
		897196B42F54925300159B76 /* appicon.icon */ = {isa = PBXFileReference; lastKnownFileType = folder.iconcomposer.icon; path = appicon.icon; sourceTree = "<group>"; };
		9E9523619E4A0BF208F82F3E /* CoreTelephony.framework */ = {isa = PBXFileReference; lastKnownFileType = wrapper.framework; name = CoreTelephony.framework; path = System/Library/Frameworks/CoreTelephony.framework; sourceTree = SDKROOT; };
		A0D56AD63DA5E88B0A1E2AB4 /* libc++.tbd */ = {isa = PBXFileReference; includeInIndex = 1; lastKnownFileType = "sourcecode.text-based-dylib-definition"; name = "libc++.tbd"; path = "usr/lib/libc++.tbd"; sourceTree = SDKROOT; };
		BF3A7869DE2C456031F4060C /* libz.tbd */ = {isa = PBXFileReference; includeInIndex = 1; lastKnownFileType = "sourcecode.text-based-dylib-definition"; name = libz.tbd; path = usr/lib/libz.tbd; sourceTree = SDKROOT; };
		E3BFCA3A45C9EFF4B56C97C7 /* SystemConfiguration.framework */ = {isa = PBXFileReference; lastKnownFileType = wrapper.framework; name = SystemConfiguration.framework; path = System/Library/Frameworks/SystemConfiguration.framework; sourceTree = SDKROOT; };
		ECAC54637623350F05C29456 /* CoreMedia.framework */ = {isa = PBXFileReference; lastKnownFileType = wrapper.framework; name = CoreMedia.framework; path = System/Library/Frameworks/CoreMedia.framework; sourceTree = SDKROOT; };
/* End PBXFileReference section */

/* Begin PBXFileSystemSynchronizedRootGroup section */
		8911149E2F39AC2F00D99384 /* xmnote */ = {
			isa = PBXFileSystemSynchronizedRootGroup;
			path = xmnote;
			sourceTree = "<group>";
		};
		891114AC2F39AC3200D99384 /* xmnoteTests */ = {
			isa = PBXFileSystemSynchronizedRootGroup;
			path = xmnoteTests;
			sourceTree = "<group>";
		};
		891114B62F39AC3200D99384 /* xmnoteUITests */ = {
			isa = PBXFileSystemSynchronizedRootGroup;
			path = xmnoteUITests;
			sourceTree = "<group>";
		};
/* End PBXFileSystemSynchronizedRootGroup section */

/* Begin PBXFrameworksBuildPhase section */
		891114992F39AC2F00D99384 /* Frameworks */ = {
			isa = PBXFrameworksBuildPhase;
			buildActionMask = 2147483647;
			files = (
				891118422F3C543600D99384 /* GRDB in Frameworks */,
				89AF00012F3D000000000002 /* Alamofire in Frameworks */,
				89ALIY0012F5E000000000002 /* AliyunpanSDK in Frameworks */,
				89NUKE0012F3D000000000002 /* Nuke in Frameworks */,
				89NUKE0012F3D000000000003 /* NukeUI in Frameworks */,
				89GIFU0012F3D000000000002 /* Gifu in Frameworks */,
				89AWS0012F3D000000000002 /* AWSS3 in Frameworks */,
				89AWSI012F3D000000000002 /* AWSSDKIdentity in Frameworks */,
				89HZCAL12F3D000000000002 /* HorizonCalendar in Frameworks */,
				89JXPB0012F3D000000000002 /* JXPhotoBrowser in Frameworks */,
				89SOUP0012F3D000000000002 /* SwiftSoup in Frameworks */,
				89ZIP0012F3D000000000002 /* ZIPFoundation in Frameworks */,
				13EDBCA7EBD2A99FE721F9E9 /* CoreMedia.framework in Frameworks */,
				4C61B9167A0412B5D37618F9 /* Accelerate.framework in Frameworks */,
				8F053895DF208544572BAAEE /* SystemConfiguration.framework in Frameworks */,
				28C2C736867CB404B4B4E64C /* CoreTelephony.framework in Frameworks */,
				CD50D944953BA933E99C8134 /* WebKit.framework in Frameworks */,
				CD05E992341473F154FD6BBC /* libz.tbd in Frameworks */,
				A1B7A856AE6656FD9BDC7995 /* libc++.tbd in Frameworks */,
				8ACCED43ABCD66D13B6BD021 /* libresolv.tbd in Frameworks */,
			);
			runOnlyForDeploymentPostprocessing = 0;
		};
		891114A62F39AC3200D99384 /* Frameworks */ = {
			isa = PBXFrameworksBuildPhase;
			buildActionMask = 2147483647;
			files = (
			);
			runOnlyForDeploymentPostprocessing = 0;
		};
		891114B02F39AC3200D99384 /* Frameworks */ = {
			isa = PBXFrameworksBuildPhase;
			buildActionMask = 2147483647;
			files = (
			);
			runOnlyForDeploymentPostprocessing = 0;
		};
/* End PBXFrameworksBuildPhase section */

/* Begin PBXGroup section */
		891114932F39AC2F00D99384 = {
			isa = PBXGroup;
			children = (
				8911149E2F39AC2F00D99384 /* xmnote */,
				891114AC2F39AC3200D99384 /* xmnoteTests */,
				891114B62F39AC3200D99384 /* xmnoteUITests */,
				8911149D2F39AC2F00D99384 /* Products */,
				897196B42F54925300159B76 /* appicon.icon */,
				9E5B4BBB9EB371116354AC7A /* Vendor */,
				EC6A9875CDDBEF76C4662F5D /* SystemDependencies */,
			);
			sourceTree = "<group>";
		};
		8911149D2F39AC2F00D99384 /* Products */ = {
			isa = PBXGroup;
			children = (
				8911149C2F39AC2F00D99384 /* xmnote.app */,
				891114A92F39AC3200D99384 /* xmnoteTests.xctest */,
				891114B32F39AC3200D99384 /* xmnoteUITests.xctest */,
			);
			name = Products;
			sourceTree = "<group>";
		};
		9E5B4BBB9EB371116354AC7A /* Vendor */ = {
			isa = PBXGroup;
			children = (
			);
			path = Vendor;
			sourceTree = "<group>";
		};
		B2B7090FC2C4BA89C668EA21 /* Frameworks */ = {
			isa = PBXGroup;
			children = (
				ECAC54637623350F05C29456 /* CoreMedia.framework */,
				2FE6C17E768CEE05904EA501 /* Accelerate.framework */,
				E3BFCA3A45C9EFF4B56C97C7 /* SystemConfiguration.framework */,
				9E9523619E4A0BF208F82F3E /* CoreTelephony.framework */,
				1B6C51CAFCFECD4301B5122C /* WebKit.framework */,
			);
			name = Frameworks;
			sourceTree = "<group>";
		};
		C5203CA200DB4157A2FDA91C /* Libraries */ = {
			isa = PBXGroup;
			children = (
				BF3A7869DE2C456031F4060C /* libz.tbd */,
				A0D56AD63DA5E88B0A1E2AB4 /* libc++.tbd */,
				19696D8CA8AA0D3676516DC3 /* libresolv.tbd */,
			);
			name = Libraries;
			sourceTree = "<group>";
		};
		EC6A9875CDDBEF76C4662F5D /* SystemDependencies */ = {
			isa = PBXGroup;
			children = (
				B2B7090FC2C4BA89C668EA21 /* Frameworks */,
				C5203CA200DB4157A2FDA91C /* Libraries */,
			);
			name = SystemDependencies;
			sourceTree = "<group>";
		};
/* End PBXGroup section */

/* Begin PBXNativeTarget section */
		8911149B2F39AC2F00D99384 /* xmnote */ = {
			isa = PBXNativeTarget;
			buildConfigurationList = 891114BD2F39AC3200D99384 /* Build configuration list for PBXNativeTarget "xmnote" */;
			buildPhases = (
				891114982F39AC2F00D99384 /* Sources */,
				891114992F39AC2F00D99384 /* Frameworks */,
				8911149A2F39AC2F00D99384 /* Resources */,
				B90C00012F4A000000000001 /* Embed Baidu OCR Frameworks */,
			);
			buildRules = (
			);
			dependencies = (
			);
			fileSystemSynchronizedGroups = (
				8911149E2F39AC2F00D99384 /* xmnote */,
			);
			name = xmnote;
			packageProductDependencies = (
				89GRDB0012F3A000000000002 /* GRDB */,
				89AF00012F3D000000000004 /* Alamofire */,
				89ALIY0012F5E000000000004 /* AliyunpanSDK */,
				89NUKE0012F3D000000000004 /* Nuke */,
				89NUKE0012F3D000000000005 /* NukeUI */,
				89GIFU0012F3D000000000004 /* Gifu */,
				89AWS0012F3D000000000004 /* AWSS3 */,
				89AWSI012F3D000000000004 /* AWSSDKIdentity */,
				89HZCAL12F3D000000000004 /* HorizonCalendar */,
				89JXPB0012F3D000000000004 /* JXPhotoBrowser */,
				89SOUP0012F3D000000000004 /* SwiftSoup */,
				89ZIP0012F3D000000000004 /* ZIPFoundation */,
			);
			productName = xmnote;
			productReference = 8911149C2F39AC2F00D99384 /* xmnote.app */;
			productType = "com.apple.product-type.application";
		};
		891114A82F39AC3200D99384 /* xmnoteTests */ = {
			isa = PBXNativeTarget;
			buildConfigurationList = 891114C02F39AC3200D99384 /* Build configuration list for PBXNativeTarget "xmnoteTests" */;
			buildPhases = (
				891114A52F39AC3200D99384 /* Sources */,
				891114A62F39AC3200D99384 /* Frameworks */,
				891114A72F39AC3200D99384 /* Resources */,
			);
			buildRules = (
			);
			dependencies = (
				891114AB2F39AC3200D99384 /* PBXTargetDependency */,
			);
			fileSystemSynchronizedGroups = (
				891114AC2F39AC3200D99384 /* xmnoteTests */,
			);
			name = xmnoteTests;
			packageProductDependencies = (
			);
			productName = xmnoteTests;
			productReference = 891114A92F39AC3200D99384 /* xmnoteTests.xctest */;
			productType = "com.apple.product-type.bundle.unit-test";
		};
		891114B22F39AC3200D99384 /* xmnoteUITests */ = {
			isa = PBXNativeTarget;
			buildConfigurationList = 891114C32F39AC3200D99384 /* Build configuration list for PBXNativeTarget "xmnoteUITests" */;
			buildPhases = (
				891114AF2F39AC3200D99384 /* Sources */,
				891114B02F39AC3200D99384 /* Frameworks */,
				891114B12F39AC3200D99384 /* Resources */,
			);
			buildRules = (
			);
			dependencies = (
				891114B52F39AC3200D99384 /* PBXTargetDependency */,
			);
			fileSystemSynchronizedGroups = (
				891114B62F39AC3200D99384 /* xmnoteUITests */,
			);
			name = xmnoteUITests;
			packageProductDependencies = (
			);
			productName = xmnoteUITests;
			productReference = 891114B32F39AC3200D99384 /* xmnoteUITests.xctest */;
			productType = "com.apple.product-type.bundle.ui-testing";
		};
/* End PBXNativeTarget section */

/* Begin PBXProject section */
		891114942F39AC2F00D99384 /* Project object */ = {
			isa = PBXProject;
			attributes = {
				BuildIndependentTargetsInParallel = 1;
				LastSwiftUpdateCheck = 2610;
				LastUpgradeCheck = 2610;
				TargetAttributes = {
					8911149B2F39AC2F00D99384 = {
						CreatedOnToolsVersion = 26.1.1;
					};
					891114A82F39AC3200D99384 = {
						CreatedOnToolsVersion = 26.1.1;
						TestTargetID = 8911149B2F39AC2F00D99384;
					};
					891114B22F39AC3200D99384 = {
						CreatedOnToolsVersion = 26.1.1;
						TestTargetID = 8911149B2F39AC2F00D99384;
					};
				};
			};
			buildConfigurationList = 891114972F39AC2F00D99384 /* Build configuration list for PBXProject "XMNote" */;
			developmentRegion = en;
			hasScannedForEncodings = 0;
			knownRegions = (
				en,
				Base,
			);
			mainGroup = 891114932F39AC2F00D99384;
			minimizedProjectReferenceProxies = 1;
			packageReferences = (
				89GRDB0012F3A000000000001 /* XCRemoteSwiftPackageReference "GRDB.swift" */,
				89AF00012F3D000000000001 /* XCRemoteSwiftPackageReference "Alamofire" */,
				89ALIY0012F5E000000000001 /* XCRemoteSwiftPackageReference "aliyunpan-ios-sdk" */,
				89NUKE0012F3D000000000001 /* XCRemoteSwiftPackageReference "Nuke" */,
				89GIFU0012F3D000000000001 /* XCRemoteSwiftPackageReference "Gifu" */,
				89AWS0012F3D000000000001 /* XCRemoteSwiftPackageReference "aws-sdk-swift" */,
				89HZCAL12F3D000000000001 /* XCLocalSwiftPackageReference "Vendor/HorizonCalendar" */,
				89JXPB0012F3D000000000001 /* XCLocalSwiftPackageReference "Vendor/PhotoBrowser" */,
				89SOUP0012F3D000000000001 /* XCRemoteSwiftPackageReference "SwiftSoup" */,
				89ZIP0012F3D000000000001 /* XCRemoteSwiftPackageReference "ZIPFoundation" */,
			);
			preferredProjectObjectVersion = 77;
			productRefGroup = 8911149D2F39AC2F00D99384 /* Products */;
			projectDirPath = "";
			projectRoot = "";
			targets = (
				8911149B2F39AC2F00D99384 /* xmnote */,
				891114A82F39AC3200D99384 /* xmnoteTests */,
				891114B22F39AC3200D99384 /* xmnoteUITests */,
			);
		};
/* End PBXProject section */

/* Begin PBXResourcesBuildPhase section */
		8911149A2F39AC2F00D99384 /* Resources */ = {
			isa = PBXResourcesBuildPhase;
			buildActionMask = 2147483647;
			files = (
				897196B52F54925300159B76 /* appicon.icon in Resources */,
			);
			runOnlyForDeploymentPostprocessing = 0;
		};
		891114A72F39AC3200D99384 /* Resources */ = {
			isa = PBXResourcesBuildPhase;
			buildActionMask = 2147483647;
			files = (
			);
			runOnlyForDeploymentPostprocessing = 0;
		};
		891114B12F39AC3200D99384 /* Resources */ = {
			isa = PBXResourcesBuildPhase;
			buildActionMask = 2147483647;
			files = (
			);
			runOnlyForDeploymentPostprocessing = 0;
		};
/* End PBXResourcesBuildPhase section */

/* Begin PBXShellScriptBuildPhase section */
		B90C00012F4A000000000001 /* Embed Baidu OCR Frameworks */ = {
			isa = PBXShellScriptBuildPhase;
			buildActionMask = 2147483647;
			files = (
			);
			inputPaths = (
				"$(SRCROOT)/scripts/embed_baidu_ocr_frameworks.sh",
				"$(SRCROOT)/Vendor/BaiduOCRSDK/AipBase.framework",
				"$(SRCROOT)/Vendor/BaiduOCRSDK/IdcardQuality.framework",
				"$(SRCROOT)/Vendor/BaiduOCRSDK/AipOcrSdk.framework",
			);
			name = "Embed Baidu OCR Frameworks";
			outputPaths = (
				"$(TARGET_BUILD_DIR)/$(FRAMEWORKS_FOLDER_PATH)/AipBase.framework",
				"$(TARGET_BUILD_DIR)/$(FRAMEWORKS_FOLDER_PATH)/IdcardQuality.framework",
				"$(TARGET_BUILD_DIR)/$(FRAMEWORKS_FOLDER_PATH)/AipOcrSdk.framework",
			);
			runOnlyForDeploymentPostprocessing = 0;
			shellPath = /bin/sh;
			shellScript = "\"${SRCROOT}/scripts/embed_baidu_ocr_frameworks.sh\"\n";
			showEnvVarsInLog = 0;
		};
/* End PBXShellScriptBuildPhase section */

/* Begin PBXSourcesBuildPhase section */
		891114982F39AC2F00D99384 /* Sources */ = {
			isa = PBXSourcesBuildPhase;
			buildActionMask = 2147483647;
			files = (
			);
			runOnlyForDeploymentPostprocessing = 0;
		};
		891114A52F39AC3200D99384 /* Sources */ = {
			isa = PBXSourcesBuildPhase;
			buildActionMask = 2147483647;
			files = (
			);
			runOnlyForDeploymentPostprocessing = 0;
		};
		891114AF2F39AC3200D99384 /* Sources */ = {
			isa = PBXSourcesBuildPhase;
			buildActionMask = 2147483647;
			files = (
			);
			runOnlyForDeploymentPostprocessing = 0;
		};
/* End PBXSourcesBuildPhase section */

/* Begin PBXTargetDependency section */
		891114AB2F39AC3200D99384 /* PBXTargetDependency */ = {
			isa = PBXTargetDependency;
			target = 8911149B2F39AC2F00D99384 /* xmnote */;
			targetProxy = 891114AA2F39AC3200D99384 /* PBXContainerItemProxy */;
		};
		891114B52F39AC3200D99384 /* PBXTargetDependency */ = {
			isa = PBXTargetDependency;
			target = 8911149B2F39AC2F00D99384 /* xmnote */;
			targetProxy = 891114B42F39AC3200D99384 /* PBXContainerItemProxy */;
		};
/* End PBXTargetDependency section */

/* Begin XCBuildConfiguration section */
		891114BB2F39AC3200D99384 /* Debug */ = {
			isa = XCBuildConfiguration;
			buildSettings = {
				ALWAYS_SEARCH_USER_PATHS = NO;
				ASSETCATALOG_COMPILER_GENERATE_SWIFT_ASSET_SYMBOL_EXTENSIONS = YES;
				CLANG_ANALYZER_NONNULL = YES;
				CLANG_ANALYZER_NUMBER_OBJECT_CONVERSION = YES_AGGRESSIVE;
				CLANG_CXX_LANGUAGE_STANDARD = "gnu++20";
				CLANG_ENABLE_MODULES = YES;
				CLANG_ENABLE_OBJC_ARC = YES;
				CLANG_ENABLE_OBJC_WEAK = YES;
				CLANG_WARN_BLOCK_CAPTURE_AUTORELEASING = YES;
				CLANG_WARN_BOOL_CONVERSION = YES;
				CLANG_WARN_COMMA = YES;
				CLANG_WARN_CONSTANT_CONVERSION = YES;
				CLANG_WARN_DEPRECATED_OBJC_IMPLEMENTATIONS = YES;
				CLANG_WARN_DIRECT_OBJC_ISA_USAGE = YES_ERROR;
				CLANG_WARN_DOCUMENTATION_COMMENTS = YES;
				CLANG_WARN_EMPTY_BODY = YES;
				CLANG_WARN_ENUM_CONVERSION = YES;
				CLANG_WARN_INFINITE_RECURSION = YES;
				CLANG_WARN_INT_CONVERSION = YES;
				CLANG_WARN_NON_LITERAL_NULL_CONVERSION = YES;
				CLANG_WARN_OBJC_IMPLICIT_RETAIN_SELF = YES;
				CLANG_WARN_OBJC_LITERAL_CONVERSION = YES;
				CLANG_WARN_OBJC_ROOT_CLASS = YES_ERROR;
				CLANG_WARN_QUOTED_INCLUDE_IN_FRAMEWORK_HEADER = YES;
				CLANG_WARN_RANGE_LOOP_ANALYSIS = YES;
				CLANG_WARN_STRICT_PROTOTYPES = YES;
				CLANG_WARN_SUSPICIOUS_MOVE = YES;
				CLANG_WARN_UNGUARDED_AVAILABILITY = YES_AGGRESSIVE;
				CLANG_WARN_UNREACHABLE_CODE = YES;
				CLANG_WARN__DUPLICATE_METHOD_MATCH = YES;
				COPY_PHASE_STRIP = NO;
				DEBUG_INFORMATION_FORMAT = dwarf;
				DEVELOPMENT_TEAM = P7248XXL4Q;
				ENABLE_STRICT_OBJC_MSGSEND = YES;
				ENABLE_TESTABILITY = YES;
				ENABLE_USER_SCRIPT_SANDBOXING = YES;
				GCC_C_LANGUAGE_STANDARD = gnu17;
				GCC_DYNAMIC_NO_PIC = NO;
				GCC_NO_COMMON_BLOCKS = YES;
				GCC_OPTIMIZATION_LEVEL = 0;
				GCC_PREPROCESSOR_DEFINITIONS = (
					"DEBUG=1",
					"$(inherited)",
				);
				GCC_WARN_64_TO_32_BIT_CONVERSION = YES;
				GCC_WARN_ABOUT_RETURN_TYPE = YES_ERROR;
				GCC_WARN_UNDECLARED_SELECTOR = YES;
				GCC_WARN_UNINITIALIZED_AUTOS = YES_AGGRESSIVE;
				GCC_WARN_UNUSED_FUNCTION = YES;
				GCC_WARN_UNUSED_VARIABLE = YES;
				IPHONEOS_DEPLOYMENT_TARGET = 26.1;
				LOCALIZATION_PREFERS_STRING_CATALOGS = YES;
				MTL_ENABLE_DEBUG_INFO = INCLUDE_SOURCE;
				MTL_FAST_MATH = YES;
				ONLY_ACTIVE_ARCH = YES;
				SDKROOT = iphoneos;
				SWIFT_ACTIVE_COMPILATION_CONDITIONS = "DEBUG $(inherited)";
				SWIFT_OPTIMIZATION_LEVEL = "-Onone";
			};
			name = Debug;
		};
		891114BC2F39AC3200D99384 /* Release */ = {
			isa = XCBuildConfiguration;
			buildSettings = {
				ALWAYS_SEARCH_USER_PATHS = NO;
				ASSETCATALOG_COMPILER_GENERATE_SWIFT_ASSET_SYMBOL_EXTENSIONS = YES;
				CLANG_ANALYZER_NONNULL = YES;
				CLANG_ANALYZER_NUMBER_OBJECT_CONVERSION = YES_AGGRESSIVE;
				CLANG_CXX_LANGUAGE_STANDARD = "gnu++20";
				CLANG_ENABLE_MODULES = YES;
				CLANG_ENABLE_OBJC_ARC = YES;
				CLANG_ENABLE_OBJC_WEAK = YES;
				CLANG_WARN_BLOCK_CAPTURE_AUTORELEASING = YES;
				CLANG_WARN_BOOL_CONVERSION = YES;
				CLANG_WARN_COMMA = YES;
				CLANG_WARN_CONSTANT_CONVERSION = YES;
				CLANG_WARN_DEPRECATED_OBJC_IMPLEMENTATIONS = YES;
				CLANG_WARN_DIRECT_OBJC_ISA_USAGE = YES_ERROR;
				CLANG_WARN_DOCUMENTATION_COMMENTS = YES;
				CLANG_WARN_EMPTY_BODY = YES;
				CLANG_WARN_ENUM_CONVERSION = YES;
				CLANG_WARN_INFINITE_RECURSION = YES;
				CLANG_WARN_INT_CONVERSION = YES;
				CLANG_WARN_NON_LITERAL_NULL_CONVERSION = YES;
				CLANG_WARN_OBJC_IMPLICIT_RETAIN_SELF = YES;
				CLANG_WARN_OBJC_LITERAL_CONVERSION = YES;
				CLANG_WARN_OBJC_ROOT_CLASS = YES_ERROR;
				CLANG_WARN_QUOTED_INCLUDE_IN_FRAMEWORK_HEADER = YES;
				CLANG_WARN_RANGE_LOOP_ANALYSIS = YES;
				CLANG_WARN_STRICT_PROTOTYPES = YES;
				CLANG_WARN_SUSPICIOUS_MOVE = YES;
				CLANG_WARN_UNGUARDED_AVAILABILITY = YES_AGGRESSIVE;
				CLANG_WARN_UNREACHABLE_CODE = YES;
				CLANG_WARN__DUPLICATE_METHOD_MATCH = YES;
				COPY_PHASE_STRIP = NO;
				DEBUG_INFORMATION_FORMAT = "dwarf-with-dsym";
				DEVELOPMENT_TEAM = P7248XXL4Q;
				ENABLE_NS_ASSERTIONS = NO;
				ENABLE_STRICT_OBJC_MSGSEND = YES;
				ENABLE_USER_SCRIPT_SANDBOXING = YES;
				GCC_C_LANGUAGE_STANDARD = gnu17;
				GCC_NO_COMMON_BLOCKS = YES;
				GCC_WARN_64_TO_32_BIT_CONVERSION = YES;
				GCC_WARN_ABOUT_RETURN_TYPE = YES_ERROR;
				GCC_WARN_UNDECLARED_SELECTOR = YES;
				GCC_WARN_UNINITIALIZED_AUTOS = YES_AGGRESSIVE;
				GCC_WARN_UNUSED_FUNCTION = YES;
				GCC_WARN_UNUSED_VARIABLE = YES;
				IPHONEOS_DEPLOYMENT_TARGET = 26.1;
				LOCALIZATION_PREFERS_STRING_CATALOGS = YES;
				MTL_ENABLE_DEBUG_INFO = NO;
				MTL_FAST_MATH = YES;
				SDKROOT = iphoneos;
				SWIFT_COMPILATION_MODE = wholemodule;
				VALIDATE_PRODUCT = YES;
			};
			name = Release;
		};
		891114BE2F39AC3200D99384 /* Debug */ = {
			isa = XCBuildConfiguration;
			buildSettings = {
				ASSETCATALOG_COMPILER_APPICON_NAME = appicon;
				ASSETCATALOG_COMPILER_GLOBAL_ACCENT_COLOR_NAME = AccentColor;
				CODE_SIGN_STYLE = Automatic;
				CURRENT_PROJECT_VERSION = 1;
				DEVELOPMENT_TEAM = P7248XXL4Q;
				ENABLE_PREVIEWS = YES;
				ENABLE_USER_SCRIPT_SANDBOXING = NO;
				EXCLUDED_SOURCE_FILE_NAMES = (
					CLAUDE.md,
					AGENTS.md,
				);
				GENERATE_INFOPLIST_FILE = NO;
				INFOPLIST_FILE = "xmnote-Info.plist";
				LD_RUNPATH_SEARCH_PATHS = (
					"$(inherited)",
					"@executable_path/Frameworks",
				);
				MARKETING_VERSION = 1.0;
				PRODUCT_BUNDLE_IDENTIFIER = com.merpyzf.xmnote;
				PRODUCT_NAME = "$(TARGET_NAME)";
				STRING_CATALOG_GENERATE_SYMBOLS = YES;
				SWIFT_APPROACHABLE_CONCURRENCY = YES;
				SWIFT_DEFAULT_ACTOR_ISOLATION = MainActor;
				SWIFT_EMIT_LOC_STRINGS = YES;
				SWIFT_OBJC_BRIDGING_HEADER = "xmnote/xmnote-Bridging-Header.h";
				SWIFT_UPCOMING_FEATURE_MEMBER_IMPORT_VISIBILITY = YES;
				SWIFT_VERSION = 5.0;
				TARGETED_DEVICE_FAMILY = "1,2";
			};
			name = Debug;
		};
		891114BF2F39AC3200D99384 /* Release */ = {
			isa = XCBuildConfiguration;
			buildSettings = {
				ASSETCATALOG_COMPILER_APPICON_NAME = appicon;
				ASSETCATALOG_COMPILER_GLOBAL_ACCENT_COLOR_NAME = AccentColor;
				CODE_SIGN_STYLE = Automatic;
				CURRENT_PROJECT_VERSION = 1;
				DEVELOPMENT_TEAM = P7248XXL4Q;
				ENABLE_PREVIEWS = YES;
				ENABLE_USER_SCRIPT_SANDBOXING = NO;
				EXCLUDED_SOURCE_FILE_NAMES = (
					CLAUDE.md,
					AGENTS.md,
				);
				GENERATE_INFOPLIST_FILE = NO;
				INFOPLIST_FILE = "xmnote-Info.plist";
				LD_RUNPATH_SEARCH_PATHS = (
					"$(inherited)",
					"@executable_path/Frameworks",
				);
				MARKETING_VERSION = 1.0;
				PRODUCT_BUNDLE_IDENTIFIER = com.merpyzf.xmnote;
				PRODUCT_NAME = "$(TARGET_NAME)";
				STRING_CATALOG_GENERATE_SYMBOLS = YES;
				SWIFT_APPROACHABLE_CONCURRENCY = YES;
				SWIFT_DEFAULT_ACTOR_ISOLATION = MainActor;
				SWIFT_EMIT_LOC_STRINGS = YES;
				SWIFT_OBJC_BRIDGING_HEADER = "xmnote/xmnote-Bridging-Header.h";
				SWIFT_UPCOMING_FEATURE_MEMBER_IMPORT_VISIBILITY = YES;
				SWIFT_VERSION = 5.0;
				TARGETED_DEVICE_FAMILY = "1,2";
			};
			name = Release;
		};
		891114C12F39AC3200D99384 /* Debug */ = {
			isa = XCBuildConfiguration;
			buildSettings = {
				BUNDLE_LOADER = "$(TEST_HOST)";
				CODE_SIGN_STYLE = Automatic;
				CURRENT_PROJECT_VERSION = 1;
				DEVELOPMENT_TEAM = P7248XXL4Q;
				GENERATE_INFOPLIST_FILE = YES;
				IPHONEOS_DEPLOYMENT_TARGET = 26.1;
				MARKETING_VERSION = 1.0;
				PRODUCT_BUNDLE_IDENTIFIER = com.merpyzf.xmnoteTests;
				PRODUCT_NAME = "$(TARGET_NAME)";
				STRING_CATALOG_GENERATE_SYMBOLS = NO;
				SWIFT_APPROACHABLE_CONCURRENCY = YES;
				SWIFT_EMIT_LOC_STRINGS = NO;
				SWIFT_UPCOMING_FEATURE_MEMBER_IMPORT_VISIBILITY = YES;
				SWIFT_VERSION = 5.0;
				TARGETED_DEVICE_FAMILY = "1,2";
				TEST_HOST = "$(BUILT_PRODUCTS_DIR)/xmnote.app/$(BUNDLE_EXECUTABLE_FOLDER_PATH)/xmnote";
			};
			name = Debug;
		};
		891114C22F39AC3200D99384 /* Release */ = {
			isa = XCBuildConfiguration;
			buildSettings = {
				BUNDLE_LOADER = "$(TEST_HOST)";
				CODE_SIGN_STYLE = Automatic;
				CURRENT_PROJECT_VERSION = 1;
				DEVELOPMENT_TEAM = P7248XXL4Q;
				GENERATE_INFOPLIST_FILE = YES;
				IPHONEOS_DEPLOYMENT_TARGET = 26.1;
				MARKETING_VERSION = 1.0;
				PRODUCT_BUNDLE_IDENTIFIER = com.merpyzf.xmnoteTests;
				PRODUCT_NAME = "$(TARGET_NAME)";
				STRING_CATALOG_GENERATE_SYMBOLS = NO;
				SWIFT_APPROACHABLE_CONCURRENCY = YES;
				SWIFT_EMIT_LOC_STRINGS = NO;
				SWIFT_UPCOMING_FEATURE_MEMBER_IMPORT_VISIBILITY = YES;
				SWIFT_VERSION = 5.0;
				TARGETED_DEVICE_FAMILY = "1,2";
				TEST_HOST = "$(BUILT_PRODUCTS_DIR)/xmnote.app/$(BUNDLE_EXECUTABLE_FOLDER_PATH)/xmnote";
			};
			name = Release;
		};
		891114C42F39AC3200D99384 /* Debug */ = {
			isa = XCBuildConfiguration;
			buildSettings = {
				CODE_SIGN_STYLE = Automatic;
				CURRENT_PROJECT_VERSION = 1;
				DEVELOPMENT_TEAM = P7248XXL4Q;
				GENERATE_INFOPLIST_FILE = YES;
				MARKETING_VERSION = 1.0;
				PRODUCT_BUNDLE_IDENTIFIER = com.merpyzf.xmnoteUITests;
				PRODUCT_NAME = "$(TARGET_NAME)";
				STRING_CATALOG_GENERATE_SYMBOLS = NO;
				SWIFT_APPROACHABLE_CONCURRENCY = YES;
				SWIFT_EMIT_LOC_STRINGS = NO;
				SWIFT_UPCOMING_FEATURE_MEMBER_IMPORT_VISIBILITY = YES;
				SWIFT_VERSION = 5.0;
				TARGETED_DEVICE_FAMILY = "1,2";
				TEST_TARGET_NAME = xmnote;
			};
			name = Debug;
		};
		891114C52F39AC3200D99384 /* Release */ = {
			isa = XCBuildConfiguration;
			buildSettings = {
				CODE_SIGN_STYLE = Automatic;
				CURRENT_PROJECT_VERSION = 1;
				DEVELOPMENT_TEAM = P7248XXL4Q;
				GENERATE_INFOPLIST_FILE = YES;
				MARKETING_VERSION = 1.0;
				PRODUCT_BUNDLE_IDENTIFIER = com.merpyzf.xmnoteUITests;
				PRODUCT_NAME = "$(TARGET_NAME)";
				STRING_CATALOG_GENERATE_SYMBOLS = NO;
				SWIFT_APPROACHABLE_CONCURRENCY = YES;
				SWIFT_EMIT_LOC_STRINGS = NO;
				SWIFT_UPCOMING_FEATURE_MEMBER_IMPORT_VISIBILITY = YES;
				SWIFT_VERSION = 5.0;
				TARGETED_DEVICE_FAMILY = "1,2";
				TEST_TARGET_NAME = xmnote;
			};
			name = Release;
		};
/* End XCBuildConfiguration section */

/* Begin XCConfigurationList section */
		891114972F39AC2F00D99384 /* Build configuration list for PBXProject "XMNote" */ = {
			isa = XCConfigurationList;
			buildConfigurations = (
				891114BB2F39AC3200D99384 /* Debug */,
				891114BC2F39AC3200D99384 /* Release */,
			);
			defaultConfigurationIsVisible = 0;
			defaultConfigurationName = Release;
		};
		891114BD2F39AC3200D99384 /* Build configuration list for PBXNativeTarget "xmnote" */ = {
			isa = XCConfigurationList;
			buildConfigurations = (
				891114BE2F39AC3200D99384 /* Debug */,
				891114BF2F39AC3200D99384 /* Release */,
			);
			defaultConfigurationIsVisible = 0;
			defaultConfigurationName = Release;
		};
		891114C02F39AC3200D99384 /* Build configuration list for PBXNativeTarget "xmnoteTests" */ = {
			isa = XCConfigurationList;
			buildConfigurations = (
				891114C12F39AC3200D99384 /* Debug */,
				891114C22F39AC3200D99384 /* Release */,
			);
			defaultConfigurationIsVisible = 0;
			defaultConfigurationName = Release;
		};
		891114C32F39AC3200D99384 /* Build configuration list for PBXNativeTarget "xmnoteUITests" */ = {
			isa = XCConfigurationList;
			buildConfigurations = (
				891114C42F39AC3200D99384 /* Debug */,
				891114C52F39AC3200D99384 /* Release */,
			);
			defaultConfigurationIsVisible = 0;
			defaultConfigurationName = Release;
		};
/* End XCConfigurationList section */

/* Begin XCLocalSwiftPackageReference section */
		89HZCAL12F3D000000000001 /* XCLocalSwiftPackageReference "Vendor/HorizonCalendar" */ = {
			isa = XCLocalSwiftPackageReference;
			relativePath = Vendor/HorizonCalendar;
		};
		89JXPB0012F3D000000000001 /* XCLocalSwiftPackageReference "Vendor/PhotoBrowser" */ = {
			isa = XCLocalSwiftPackageReference;
			relativePath = Vendor/PhotoBrowser;
		};
/* End XCLocalSwiftPackageReference section */

/* Begin XCRemoteSwiftPackageReference section */
		89AF00012F3D000000000001 /* XCRemoteSwiftPackageReference "Alamofire" */ = {
			isa = XCRemoteSwiftPackageReference;
			repositoryURL = "https://github.com/Alamofire/Alamofire.git";
			requirement = {
				kind = upToNextMajorVersion;
				minimumVersion = 5.10.0;
			};
		};
		89ALIY0012F5E000000000001 /* XCRemoteSwiftPackageReference "aliyunpan-ios-sdk" */ = {
			isa = XCRemoteSwiftPackageReference;
			repositoryURL = "https://github.com/alibaba/aliyunpan-ios-sdk.git";
			requirement = {
				kind = exactVersion;
				version = 0.3.6;
			};
		};
		89AWS0012F3D000000000001 /* XCRemoteSwiftPackageReference "aws-sdk-swift" */ = {
			isa = XCRemoteSwiftPackageReference;
			repositoryURL = "https://github.com/awslabs/aws-sdk-swift.git";
			requirement = {
				kind = upToNextMajorVersion;
				minimumVersion = 1.6.0;
			};
		};
		89GIFU0012F3D000000000001 /* XCRemoteSwiftPackageReference "Gifu" */ = {
			isa = XCRemoteSwiftPackageReference;
			repositoryURL = "https://github.com/kaishin/Gifu.git";
			requirement = {
				kind = upToNextMajorVersion;
				minimumVersion = 4.0.0;
			};
		};
		89GRDB0012F3A000000000001 /* XCRemoteSwiftPackageReference "GRDB.swift" */ = {
			isa = XCRemoteSwiftPackageReference;
			repositoryURL = "https://github.com/groue/GRDB.swift.git";
			requirement = {
				kind = upToNextMajorVersion;
				minimumVersion = 7.0.0;
			};
		};
		89NUKE0012F3D000000000001 /* XCRemoteSwiftPackageReference "Nuke" */ = {
			isa = XCRemoteSwiftPackageReference;
			repositoryURL = "https://github.com/kean/Nuke.git";
			requirement = {
				kind = upToNextMajorVersion;
				minimumVersion = 12.9.0;
			};
		};
		89SOUP0012F3D000000000001 /* XCRemoteSwiftPackageReference "SwiftSoup" */ = {
			isa = XCRemoteSwiftPackageReference;
			repositoryURL = "https://github.com/scinfu/SwiftSoup.git";
			requirement = {
				kind = upToNextMajorVersion;
				minimumVersion = 2.13.0;
			};
		};
		89ZIP0012F3D000000000001 /* XCRemoteSwiftPackageReference "ZIPFoundation" */ = {
			isa = XCRemoteSwiftPackageReference;
			repositoryURL = "https://github.com/weichsel/ZIPFoundation.git";
			requirement = {
				kind = upToNextMajorVersion;
				minimumVersion = 0.9.0;
			};
		};
/* End XCRemoteSwiftPackageReference section */

/* Begin XCSwiftPackageProductDependency section */
		89AF00012F3D000000000004 /* Alamofire */ = {
			isa = XCSwiftPackageProductDependency;
			package = 89AF00012F3D000000000001 /* XCRemoteSwiftPackageReference "Alamofire" */;
			productName = Alamofire;
		};
		89ALIY0012F5E000000000004 /* AliyunpanSDK */ = {
			isa = XCSwiftPackageProductDependency;
			package = 89ALIY0012F5E000000000001 /* XCRemoteSwiftPackageReference "aliyunpan-ios-sdk" */;
			productName = AliyunpanSDK;
		};
		89AWS0012F3D000000000004 /* AWSS3 */ = {
			isa = XCSwiftPackageProductDependency;
			package = 89AWS0012F3D000000000001 /* XCRemoteSwiftPackageReference "aws-sdk-swift" */;
			productName = AWSS3;
		};
		89AWSI012F3D000000000004 /* AWSSDKIdentity */ = {
			isa = XCSwiftPackageProductDependency;
			package = 89AWS0012F3D000000000001 /* XCRemoteSwiftPackageReference "aws-sdk-swift" */;
			productName = AWSSDKIdentity;
		};
		89GIFU0012F3D000000000004 /* Gifu */ = {
			isa = XCSwiftPackageProductDependency;
			package = 89GIFU0012F3D000000000001 /* XCRemoteSwiftPackageReference "Gifu" */;
			productName = Gifu;
		};
		89GRDB0012F3A000000000002 /* GRDB */ = {
			isa = XCSwiftPackageProductDependency;
			package = 89GRDB0012F3A000000000001 /* XCRemoteSwiftPackageReference "GRDB.swift" */;
			productName = GRDB;
		};
		89HZCAL12F3D000000000004 /* HorizonCalendar */ = {
			isa = XCSwiftPackageProductDependency;
			package = 89HZCAL12F3D000000000001 /* XCLocalSwiftPackageReference "Vendor/HorizonCalendar" */;
			productName = HorizonCalendar;
		};
		89JXPB0012F3D000000000004 /* JXPhotoBrowser */ = {
			isa = XCSwiftPackageProductDependency;
			package = 89JXPB0012F3D000000000001 /* XCLocalSwiftPackageReference "Vendor/PhotoBrowser" */;
			productName = JXPhotoBrowser;
		};
		89NUKE0012F3D000000000004 /* Nuke */ = {
			isa = XCSwiftPackageProductDependency;
			package = 89NUKE0012F3D000000000001 /* XCRemoteSwiftPackageReference "Nuke" */;
			productName = Nuke;
		};
		89NUKE0012F3D000000000005 /* NukeUI */ = {
			isa = XCSwiftPackageProductDependency;
			package = 89NUKE0012F3D000000000001 /* XCRemoteSwiftPackageReference "Nuke" */;
			productName = NukeUI;
		};
		89SOUP0012F3D000000000004 /* SwiftSoup */ = {
			isa = XCSwiftPackageProductDependency;
			package = 89SOUP0012F3D000000000001 /* XCRemoteSwiftPackageReference "SwiftSoup" */;
			productName = SwiftSoup;
		};
		89ZIP0012F3D000000000004 /* ZIPFoundation */ = {
			isa = XCSwiftPackageProductDependency;
			package = 89ZIP0012F3D000000000001 /* XCRemoteSwiftPackageReference "ZIPFoundation" */;
			productName = ZIPFoundation;
		};
/* End XCSwiftPackageProductDependency section */
	};
	rootObject = 891114942F39AC2F00D99384 /* Project object */;
}
